
Microsoft Visual Studio Solution File, Format Version 12.00
# Visual Studio Version 17
VisualStudioVersion = 17.11.35208.52
MinimumVisualStudioVersion = 10.0.40219.1
Project("{FAE04EC0-301F-11D3-BF4B-00C04F79EFBC}") = "Tarea02", "Tarea02.csproj", "{50C0F0F9-294F-47CF-9282-8CE91C1D13C7}"
EndProject
Global
	GlobalSection(SolutionConfigurationPlatforms) = preSolution
		Debug|Any CPU = Debug|Any CPU
		Release|Any CPU = Release|Any CPU
	EndGlobalSection
	GlobalSection(ProjectConfigurationPlatforms) = postSolution
		{50C0F0F9-294F-47CF-9282-8CE91C1D13C7}.Debug|Any CPU.ActiveCfg = Debug|Any CPU
		{50C0F0F9-294F-47CF-9282-8CE91C1D13C7}.Debug|Any CPU.Build.0 = Debug|Any CPU
		{50C0F0F9-294F-47CF-9282-8CE91C1D13C7}.Release|Any CPU.ActiveCfg = Release|Any CPU
		{50C0F0F9-294F-47CF-9282-8CE91C1D13C7}.Release|Any CPU.Build.0 = Release|Any CPU
	EndGlobalSection
	GlobalSection(SolutionProperties) = preSolution
		HideSolutionNode = FALSE
	EndGlobalSection
	GlobalSection(ExtensibilityGlobals) = postSolution
		SolutionGuid = {C3A0779C-77D6-4776-8D7B-8ACD9549D5E0}
	EndGlobalSection
EndGlobal
